
Microsoft Visual Studio Solution File, Format Version 12.00
# Visual Studio Version 17
VisualStudioVersion = 17.4.33205.214
MinimumVisualStudioVersion = 10.0.40219.1
Project("{2150E333-8FDC-42A3-9474-1A3956D46DE8}") = "Solution Items", "Solution Items", "{CB55AB9C-8185-4917-BC4F-AC7311C9E16C}"
	ProjectSection(SolutionItems) = preProject
		.editorconfig = .editorconfig
	EndProjectSection
EndProject
Project("{E53339B2-1760-4266-BCC7-CA923CBCF16C}") = "docker-compose", "docker-compose.dcproj", "{4A441147-D1D6-4A2C-93C9-9ABF1453446D}"
EndProject
Project("{2150E333-8FDC-42A3-9474-1A3956D46DE8}") = "Microservices", "Microservices", "{CEAB065C-67AF-44B3-B32C-490709FB7909}"
EndProject
Project("{2150E333-8FDC-42A3-9474-1A3956D46DE8}") = "Gateways", "Gateways", "{D7C9844A-4C44-49C2-A404-2B5761B2B766}"
EndProject
Project("{9A19103F-16F7-4668-BE54-9A1E7A4F7556}") = "EquipmentMicroservice", "Microservices\EquipmentMicroservice\EquipmentMicroservice.csproj", "{3C0C7917-ED3F-466A-9D84-52985F2FFC9A}"
EndProject
Project("{9A19103F-16F7-4668-BE54-9A1E7A4F7556}") = "AuthMicroservice", "Microservices\AuthMicroservice\AuthMicroservice.csproj", "{2D606A0A-7B82-4CFF-BD83-50AA582BD3CB}"
EndProject
Project("{9A19103F-16F7-4668-BE54-9A1E7A4F7556}") = "ApiGateway", "Gateways\ApiGateway\ApiGateway.csproj", "{782AFA04-F76D-4E88-AB26-4A4CE0325D73}"
EndProject
Global
	GlobalSection(SolutionConfigurationPlatforms) = preSolution
		Debug|Any CPU = Debug|Any CPU
		Release|Any CPU = Release|Any CPU
	EndGlobalSection
	GlobalSection(ProjectConfigurationPlatforms) = postSolution
		{4A441147-D1D6-4A2C-93C9-9ABF1453446D}.Debug|Any CPU.ActiveCfg = Debug|Any CPU
		{4A441147-D1D6-4A2C-93C9-9ABF1453446D}.Debug|Any CPU.Build.0 = Debug|Any CPU
		{4A441147-D1D6-4A2C-93C9-9ABF1453446D}.Release|Any CPU.ActiveCfg = Release|Any CPU
		{4A441147-D1D6-4A2C-93C9-9ABF1453446D}.Release|Any CPU.Build.0 = Release|Any CPU
		{3C0C7917-ED3F-466A-9D84-52985F2FFC9A}.Debug|Any CPU.ActiveCfg = Debug|Any CPU
		{3C0C7917-ED3F-466A-9D84-52985F2FFC9A}.Debug|Any CPU.Build.0 = Debug|Any CPU
		{3C0C7917-ED3F-466A-9D84-52985F2FFC9A}.Release|Any CPU.ActiveCfg = Release|Any CPU
		{3C0C7917-ED3F-466A-9D84-52985F2FFC9A}.Release|Any CPU.Build.0 = Release|Any CPU
		{2D606A0A-7B82-4CFF-BD83-50AA582BD3CB}.Debug|Any CPU.ActiveCfg = Debug|Any CPU
		{2D606A0A-7B82-4CFF-BD83-50AA582BD3CB}.Debug|Any CPU.Build.0 = Debug|Any CPU
		{2D606A0A-7B82-4CFF-BD83-50AA582BD3CB}.Release|Any CPU.ActiveCfg = Release|Any CPU
		{2D606A0A-7B82-4CFF-BD83-50AA582BD3CB}.Release|Any CPU.Build.0 = Release|Any CPU
		{782AFA04-F76D-4E88-AB26-4A4CE0325D73}.Debug|Any CPU.ActiveCfg = Debug|Any CPU
		{782AFA04-F76D-4E88-AB26-4A4CE0325D73}.Debug|Any CPU.Build.0 = Debug|Any CPU
		{782AFA04-F76D-4E88-AB26-4A4CE0325D73}.Release|Any CPU.ActiveCfg = Release|Any CPU
		{782AFA04-F76D-4E88-AB26-4A4CE0325D73}.Release|Any CPU.Build.0 = Release|Any CPU
	EndGlobalSection
	GlobalSection(SolutionProperties) = preSolution
		HideSolutionNode = FALSE
	EndGlobalSection
	GlobalSection(NestedProjects) = preSolution
		{3C0C7917-ED3F-466A-9D84-52985F2FFC9A} = {CEAB065C-67AF-44B3-B32C-490709FB7909}
		{2D606A0A-7B82-4CFF-BD83-50AA582BD3CB} = {CEAB065C-67AF-44B3-B32C-490709FB7909}
		{782AFA04-F76D-4E88-AB26-4A4CE0325D73} = {D7C9844A-4C44-49C2-A404-2B5761B2B766}
	EndGlobalSection
	GlobalSection(ExtensibilityGlobals) = postSolution
		SolutionGuid = {222720D4-BD73-4F59-9B57-FC0A21472C83}
	EndGlobalSection
EndGlobal
